
Microsoft Visual Studio Solution File, Format Version 12.00
# Visual Studio Version 16
VisualStudioVersion = 16.0.31624.102
MinimumVisualStudioVersion = 10.0.40219.1
Project("{FAE04EC0-301F-11D3-BF4B-00C04F79EFBC}") = "StageMe1", "StageMe1\StageMe1.csproj", "{2B640934-CDBB-43D4-946F-92664B52102E}"
EndProject
Global
	GlobalSection(SolutionConfigurationPlatforms) = preSolution
		Debug|Any CPU = Debug|Any CPU
		Release|Any CPU = Release|Any CPU
	EndGlobalSection
	GlobalSection(ProjectConfigurationPlatforms) = postSolution
		{2B640934-CDBB-43D4-946F-92664B52102E}.Debug|Any CPU.ActiveCfg = Debug|Any CPU
		{2B640934-CDBB-43D4-946F-92664B52102E}.Debug|Any CPU.Build.0 = Debug|Any CPU
		{2B640934-CDBB-43D4-946F-92664B52102E}.Release|Any CPU.ActiveCfg = Release|Any CPU
		{2B640934-CDBB-43D4-946F-92664B52102E}.Release|Any CPU.Build.0 = Release|Any CPU
	EndGlobalSection
	GlobalSection(SolutionProperties) = preSolution
		HideSolutionNode = FALSE
	EndGlobalSection
	GlobalSection(ExtensibilityGlobals) = postSolution
		SolutionGuid = {A4B07E66-1B1A-4319-B37E-C757F6182D89}
	EndGlobalSection
EndGlobal
